// !$*UTF8*$!
{
	archiveVersion = 1;
	classes = {
	};
	objectVersion = 46;
	objects = {

/* Begin PBXBuildFile section */
		599130A01BF5004000D8F741 /* main.cpp in Sources */ = {isa = PBXBuildFile; fileRef = 5991309E1BF5004000D8F741 /* main.cpp */; };
		599130A11BF5004000D8F741 /* trie.cpp in Sources */ = {isa = PBXBuildFile; fileRef = 5991309F1BF5004000D8F741 /* trie.cpp */; };
		599130A41BF5099900D8F741 /* node.cpp in Sources */ = {isa = PBXBuildFile; fileRef = 599130A31BF5099900D8F741 /* node.cpp */; };
		59CBAA581BF9FB0E0022F629 /* iterator.cpp in Sources */ = {isa = PBXBuildFile; fileRef = 59CBAA561BF9FB0E0022F629 /* iterator.cpp */; };
/* End PBXBuildFile section */

/* Begin PBXCopyFilesBuildPhase section */
		599130891BF4FE8200D8F741 /* CopyFiles */ = {
			isa = PBXCopyFilesBuildPhase;
			buildActionMask = 2147483647;
			dstPath = /usr/share/man/man1/;
			dstSubfolderSpec = 0;
			files = (
			);
			runOnlyForDeploymentPostprocessing = 1;
		};
/* End PBXCopyFilesBuildPhase section */

/* Begin PBXFileReference section */
		5991308B1BF4FE8200D8F741 /* Top-k-prefix-search */ = {isa = PBXFileReference; explicitFileType = "compiled.mach-o.executable"; includeInIndex = 0; path = "Top-k-prefix-search"; sourceTree = BUILT_PRODUCTS_DIR; };
		5991309E1BF5004000D8F741 /* main.cpp */ = {isa = PBXFileReference; fileEncoding = 4; lastKnownFileType = sourcecode.cpp.cpp; name = main.cpp; path = src/main.cpp; sourceTree = "<group>"; };
		5991309F1BF5004000D8F741 /* trie.cpp */ = {isa = PBXFileReference; fileEncoding = 4; lastKnownFileType = sourcecode.cpp.cpp; name = trie.cpp; path = src/trie.cpp; sourceTree = "<group>"; };
		599130A31BF5099900D8F741 /* node.cpp */ = {isa = PBXFileReference; fileEncoding = 4; lastKnownFileType = sourcecode.cpp.cpp; name = node.cpp; path = src/node.cpp; sourceTree = "<group>"; };
		59CBAA561BF9FB0E0022F629 /* iterator.cpp */ = {isa = PBXFileReference; fileEncoding = 4; lastKnownFileType = sourcecode.cpp.cpp; name = iterator.cpp; path = src/iterator.cpp; sourceTree = "<group>"; };
		59CECEE51BFA14C5009517E1 /* CMakeLists.txt */ = {isa = PBXFileReference; fileEncoding = 4; lastKnownFileType = text; path = CMakeLists.txt; sourceTree = "<group>"; };
/* End PBXFileReference section */

/* Begin PBXFrameworksBuildPhase section */
		599130881BF4FE8200D8F741 /* Frameworks */ = {
			isa = PBXFrameworksBuildPhase;
			buildActionMask = 2147483647;
			files = (
			);
			runOnlyForDeploymentPostprocessing = 0;
		};
/* End PBXFrameworksBuildPhase section */

/* Begin PBXGroup section */
		599130821BF4FE8100D8F741 = {
			isa = PBXGroup;
			children = (
				59CECEE51BFA14C5009517E1 /* CMakeLists.txt */,
				5991308C1BF4FE8200D8F741 /* Products */,
				5991309D1BF5003300D8F741 /* src */,
			);
			sourceTree = "<group>";
		};
		5991308C1BF4FE8200D8F741 /* Products */ = {
			isa = PBXGroup;
			children = (
				5991308B1BF4FE8200D8F741 /* Top-k-prefix-search */,
			);
			name = Products;
			sourceTree = "<group>";
		};
		5991309D1BF5003300D8F741 /* src */ = {
			isa = PBXGroup;
			children = (
				5991309E1BF5004000D8F741 /* main.cpp */,
				5991309F1BF5004000D8F741 /* trie.cpp */,
				599130A31BF5099900D8F741 /* node.cpp */,
				59CBAA561BF9FB0E0022F629 /* iterator.cpp */,
			);
			name = src;
			sourceTree = "<group>";
		};
/* End PBXGroup section */

/* Begin PBXNativeTarget section */
		5991308A1BF4FE8200D8F741 /* Top-k-prefix-search */ = {
			isa = PBXNativeTarget;
			buildConfigurationList = 599130921BF4FE8200D8F741 /* Build configuration list for PBXNativeTarget "Top-k-prefix-search" */;
			buildPhases = (
				599130871BF4FE8200D8F741 /* Sources */,
				599130881BF4FE8200D8F741 /* Frameworks */,
				599130891BF4FE8200D8F741 /* CopyFiles */,
			);
			buildRules = (
			);
			dependencies = (
			);
			name = "Top-k-prefix-search";
			productName = "Top-k-prefix";
			productReference = 5991308B1BF4FE8200D8F741 /* Top-k-prefix-search */;
			productType = "com.apple.product-type.tool";
		};
/* End PBXNativeTarget section */

/* Begin PBXProject section */
		599130831BF4FE8100D8F741 /* Project object */ = {
			isa = PBXProject;
			attributes = {
				LastUpgradeCheck = 0710;
				ORGANIZATIONNAME = "Paolo Cifariello";
				TargetAttributes = {
					5991308A1BF4FE8200D8F741 = {
						CreatedOnToolsVersion = 7.1.1;
					};
				};
			};
			buildConfigurationList = 599130861BF4FE8100D8F741 /* Build configuration list for PBXProject "Top-k-prefix-search" */;
			compatibilityVersion = "Xcode 3.2";
			developmentRegion = English;
			hasScannedForEncodings = 0;
			knownRegions = (
				en,
			);
			mainGroup = 599130821BF4FE8100D8F741;
			productRefGroup = 5991308C1BF4FE8200D8F741 /* Products */;
			projectDirPath = "";
			projectRoot = "";
			targets = (
				5991308A1BF4FE8200D8F741 /* Top-k-prefix-search */,
			);
		};
/* End PBXProject section */

/* Begin PBXSourcesBuildPhase section */
		599130871BF4FE8200D8F741 /* Sources */ = {
			isa = PBXSourcesBuildPhase;
			buildActionMask = 2147483647;
			files = (
				599130A01BF5004000D8F741 /* main.cpp in Sources */,
				599130A11BF5004000D8F741 /* trie.cpp in Sources */,
				599130A41BF5099900D8F741 /* node.cpp in Sources */,
				59CBAA581BF9FB0E0022F629 /* iterator.cpp in Sources */,
			);
			runOnlyForDeploymentPostprocessing = 0;
		};
/* End PBXSourcesBuildPhase section */

/* Begin XCBuildConfiguration section */
		599130901BF4FE8200D8F741 /* Debug */ = {
			isa = XCBuildConfiguration;
			buildSettings = {
				ALWAYS_SEARCH_USER_PATHS = NO;
				CLANG_CXX_LANGUAGE_STANDARD = "gnu++0x";
				CLANG_CXX_LIBRARY = "libc++";
				CLANG_ENABLE_MODULES = YES;
				CLANG_ENABLE_OBJC_ARC = YES;
				CLANG_WARN_BOOL_CONVERSION = YES;
				CLANG_WARN_CONSTANT_CONVERSION = YES;
				CLANG_WARN_DIRECT_OBJC_ISA_USAGE = YES_ERROR;
				CLANG_WARN_EMPTY_BODY = YES;
				CLANG_WARN_ENUM_CONVERSION = YES;
				CLANG_WARN_INT_CONVERSION = YES;
				CLANG_WARN_OBJC_ROOT_CLASS = YES_ERROR;
				CLANG_WARN_UNREACHABLE_CODE = YES;
				CLANG_WARN__DUPLICATE_METHOD_MATCH = YES;
				CODE_SIGN_IDENTITY = "-";
				COPY_PHASE_STRIP = NO;
				DEBUG_INFORMATION_FORMAT = dwarf;
				ENABLE_STRICT_OBJC_MSGSEND = YES;
				ENABLE_TESTABILITY = YES;
				GCC_C_LANGUAGE_STANDARD = gnu99;
				GCC_DYNAMIC_NO_PIC = NO;
				GCC_NO_COMMON_BLOCKS = YES;
				GCC_OPTIMIZATION_LEVEL = 0;
				GCC_PREPROCESSOR_DEFINITIONS = (
					"DEBUG=1",
					"$(inherited)",
				);
				GCC_WARN_64_TO_32_BIT_CONVERSION = YES;
				GCC_WARN_ABOUT_RETURN_TYPE = YES_ERROR;
				GCC_WARN_UNDECLARED_SELECTOR = YES;
				GCC_WARN_UNINITIALIZED_AUTOS = YES_AGGRESSIVE;
				GCC_WARN_UNUSED_FUNCTION = YES;
				GCC_WARN_UNUSED_VARIABLE = YES;
				MACOSX_DEPLOYMENT_TARGET = 10.11;
				MTL_ENABLE_DEBUG_INFO = YES;
				ONLY_ACTIVE_ARCH = YES;
				SDKROOT = macosx;
			};
			name = Debug;
		};
		599130911BF4FE8200D8F741 /* Release */ = {
			isa = XCBuildConfiguration;
			buildSettings = {
				ALWAYS_SEARCH_USER_PATHS = NO;
				CLANG_CXX_LANGUAGE_STANDARD = "gnu++0x";
				CLANG_CXX_LIBRARY = "libc++";
				CLANG_ENABLE_MODULES = YES;
				CLANG_ENABLE_OBJC_ARC = YES;
				CLANG_WARN_BOOL_CONVERSION = YES;
				CLANG_WARN_CONSTANT_CONVERSION = YES;
				CLANG_WARN_DIRECT_OBJC_ISA_USAGE = YES_ERROR;
				CLANG_WARN_EMPTY_BODY = YES;
				CLANG_WARN_ENUM_CONVERSION = YES;
				CLANG_WARN_INT_CONVERSION = YES;
				CLANG_WARN_OBJC_ROOT_CLASS = YES_ERROR;
				CLANG_WARN_UNREACHABLE_CODE = YES;
				CLANG_WARN__DUPLICATE_METHOD_MATCH = YES;
				CODE_SIGN_IDENTITY = "-";
				COPY_PHASE_STRIP = NO;
				DEBUG_INFORMATION_FORMAT = "dwarf-with-dsym";
				ENABLE_NS_ASSERTIONS = NO;
				ENABLE_STRICT_OBJC_MSGSEND = YES;
				GCC_C_LANGUAGE_STANDARD = gnu99;
				GCC_NO_COMMON_BLOCKS = YES;
				GCC_WARN_64_TO_32_BIT_CONVERSION = YES;
				GCC_WARN_ABOUT_RETURN_TYPE = YES_ERROR;
				GCC_WARN_UNDECLARED_SELECTOR = YES;
				GCC_WARN_UNINITIALIZED_AUTOS = YES_AGGRESSIVE;
				GCC_WARN_UNUSED_FUNCTION = YES;
				GCC_WARN_UNUSED_VARIABLE = YES;
				MACOSX_DEPLOYMENT_TARGET = 10.11;
				MTL_ENABLE_DEBUG_INFO = NO;
				SDKROOT = macosx;
			};
			name = Release;
		};
		599130931BF4FE8200D8F741 /* Debug */ = {
			isa = XCBuildConfiguration;
			buildSettings = {
				PRODUCT_NAME = "Top-k-prefix-search";
			};
			name = Debug;
		};
		599130941BF4FE8200D8F741 /* Release */ = {
			isa = XCBuildConfiguration;
			buildSettings = {
				PRODUCT_NAME = "Top-k-prefix-search";
			};
			name = Release;
		};
/* End XCBuildConfiguration section */

/* Begin XCConfigurationList section */
		599130861BF4FE8100D8F741 /* Build configuration list for PBXProject "Top-k-prefix-search" */ = {
			isa = XCConfigurationList;
			buildConfigurations = (
				599130901BF4FE8200D8F741 /* Debug */,
				599130911BF4FE8200D8F741 /* Release */,
			);
			defaultConfigurationIsVisible = 0;
			defaultConfigurationName = Release;
		};
		599130921BF4FE8200D8F741 /* Build configuration list for PBXNativeTarget "Top-k-prefix-search" */ = {
			isa = XCConfigurationList;
			buildConfigurations = (
				599130931BF4FE8200D8F741 /* Debug */,
				599130941BF4FE8200D8F741 /* Release */,
			);
			defaultConfigurationIsVisible = 0;
			defaultConfigurationName = Release;
		};
/* End XCConfigurationList section */
	};
	rootObject = 599130831BF4FE8100D8F741 /* Project object */;
}
